
Microsoft Visual Studio Solution File, Format Version 12.00
# Visual Studio Version 17
VisualStudioVersion = 17.7.34221.43
MinimumVisualStudioVersion = 10.0.40219.1
Project("{FAE04EC0-301F-11D3-BF4B-00C04F79EFBC}") = "FitnessProject.Web", "FitnessProject.Web\FitnessProject.Web.csproj", "{E3A1D151-E55D-4F93-A5E7-67EA74DA5308}"
EndProject
Project("{FAE04EC0-301F-11D3-BF4B-00C04F79EFBC}") = "FitnessProject.BusinessLogic", "FitnessProject.BusinessLogic\FitnessProject.BusinessLogic.csproj", "{C28CEE60-1B3B-4C06-AB72-1007B0C59DA4}"
EndProject
Project("{FAE04EC0-301F-11D3-BF4B-00C04F79EFBC}") = "FitnessProject.Domain", "FitnessProject.Domain\FitnessProject.Domain.csproj", "{AE920088-3F02-4D9B-9568-B8AEAD9F5258}"
EndProject
Project("{FAE04EC0-301F-11D3-BF4B-00C04F79EFBC}") = "FitnessProject.Helpers", "FitnessProject.Helpers\FitnessProject.Helpers.csproj", "{821FD1FC-13CE-47A6-A383-F4018009831F}"
EndProject
Global
	GlobalSection(SolutionConfigurationPlatforms) = preSolution
		Debug|Any CPU = Debug|Any CPU
		Release|Any CPU = Release|Any CPU
	EndGlobalSection
	GlobalSection(ProjectConfigurationPlatforms) = postSolution
		{E3A1D151-E55D-4F93-A5E7-67EA74DA5308}.Debug|Any CPU.ActiveCfg = Debug|Any CPU
		{E3A1D151-E55D-4F93-A5E7-67EA74DA5308}.Debug|Any CPU.Build.0 = Debug|Any CPU
		{E3A1D151-E55D-4F93-A5E7-67EA74DA5308}.Release|Any CPU.ActiveCfg = Release|Any CPU
		{E3A1D151-E55D-4F93-A5E7-67EA74DA5308}.Release|Any CPU.Build.0 = Release|Any CPU
		{C28CEE60-1B3B-4C06-AB72-1007B0C59DA4}.Debug|Any CPU.ActiveCfg = Debug|Any CPU
		{C28CEE60-1B3B-4C06-AB72-1007B0C59DA4}.Debug|Any CPU.Build.0 = Debug|Any CPU
		{C28CEE60-1B3B-4C06-AB72-1007B0C59DA4}.Release|Any CPU.ActiveCfg = Release|Any CPU
		{C28CEE60-1B3B-4C06-AB72-1007B0C59DA4}.Release|Any CPU.Build.0 = Release|Any CPU
		{AE920088-3F02-4D9B-9568-B8AEAD9F5258}.Debug|Any CPU.ActiveCfg = Debug|Any CPU
		{AE920088-3F02-4D9B-9568-B8AEAD9F5258}.Debug|Any CPU.Build.0 = Debug|Any CPU
		{AE920088-3F02-4D9B-9568-B8AEAD9F5258}.Release|Any CPU.ActiveCfg = Release|Any CPU
		{AE920088-3F02-4D9B-9568-B8AEAD9F5258}.Release|Any CPU.Build.0 = Release|Any CPU
		{821FD1FC-13CE-47A6-A383-F4018009831F}.Debug|Any CPU.ActiveCfg = Debug|Any CPU
		{821FD1FC-13CE-47A6-A383-F4018009831F}.Debug|Any CPU.Build.0 = Debug|Any CPU
		{821FD1FC-13CE-47A6-A383-F4018009831F}.Release|Any CPU.ActiveCfg = Release|Any CPU
		{821FD1FC-13CE-47A6-A383-F4018009831F}.Release|Any CPU.Build.0 = Release|Any CPU
	EndGlobalSection
	GlobalSection(SolutionProperties) = preSolution
		HideSolutionNode = FALSE
	EndGlobalSection
	GlobalSection(ExtensibilityGlobals) = postSolution
		SolutionGuid = {E18F72FC-6625-46D3-94E2-8727479EDD50}
	EndGlobalSection
EndGlobal
